PODS:
  - FlutterMacOS (1.0.0)
  - quick_usb (0.0.1):
    - FlutterMacOS

DEPENDENCIES:
  - FlutterMacOS (from `Flutter/ephemeral`)
  - quick_usb (from `Flutter/ephemeral/.symlinks/plugins/quick_usb/macos`)

EXTERNAL SOURCES:
  FlutterMacOS:
    :path: Flutter/ephemeral
  quick_usb:
    :path: Flutter/ephemeral/.symlinks/plugins/quick_usb/macos

SPEC CHECKSUMS:
  FlutterMacOS: 8f6f14fa908a6fb3fba0cd85dbd81ec4b251fb24
  quick_usb: ddd41b395d2b4765047651be080c329455b97eee

PODFILE CHECKSUM: 353c8bcc5d5b0994e508d035b5431cfe18c1dea7

COCOAPODS: 1.15.2
